
Microsoft Visual Studio Solution File, Format Version 12.00
# Visual Studio 2015
Project("{FAE04EC0-301F-11D3-BF4B-00C04F79EFBC}") = "watch-out-game", "watch-out-game.csproj", "{2D018D4F-7AEF-1B68-D018-A4A29246913D}"
EndProject
Project("{FAE04EC0-301F-11D3-BF4B-00C04F79EFBC}") = "watch-out-game.Editor", "watch-out-game.Editor.csproj", "{040B8254-2950-53E1-2EC9-C8C1A1DBDE1A}"
EndProject
Global
	GlobalSection(SolutionConfigurationPlatforms) = preSolution
		Debug|Any CPU = Debug|Any CPU
		Release|Any CPU = Release|Any CPU
	EndGlobalSection
	GlobalSection(ProjectConfigurationPlatforms) = postSolution
		{2D018D4F-7AEF-1B68-D018-A4A29246913D}.Debug|Any CPU.ActiveCfg = Debug|Any CPU
		{2D018D4F-7AEF-1B68-D018-A4A29246913D}.Debug|Any CPU.Build.0 = Debug|Any CPU
		{2D018D4F-7AEF-1B68-D018-A4A29246913D}.Release|Any CPU.ActiveCfg = Release|Any CPU
		{2D018D4F-7AEF-1B68-D018-A4A29246913D}.Release|Any CPU.Build.0 = Release|Any CPU
		{040B8254-2950-53E1-2EC9-C8C1A1DBDE1A}.Debug|Any CPU.ActiveCfg = Debug|Any CPU
		{040B8254-2950-53E1-2EC9-C8C1A1DBDE1A}.Debug|Any CPU.Build.0 = Debug|Any CPU
		{040B8254-2950-53E1-2EC9-C8C1A1DBDE1A}.Release|Any CPU.ActiveCfg = Release|Any CPU
		{040B8254-2950-53E1-2EC9-C8C1A1DBDE1A}.Release|Any CPU.Build.0 = Release|Any CPU
	EndGlobalSection
	GlobalSection(SolutionProperties) = preSolution
		HideSolutionNode = FALSE
	EndGlobalSection
EndGlobal
